# This file is automatically @generated by Cargo.
# It is not intended for manual editing.
version = 4

[[package]]
name = "baron-adapters"
version = "0.1.0"
dependencies = [
 "baron-core",
]

[[package]]
name = "baron-cli"
version = "0.1.0"
dependencies = [
 "baron-core",
]

[[package]]
name = "baron-core"
version = "0.1.0"
